
Microsoft Visual Studio Solution File, Format Version 12.00
# Visual Studio 15
VisualStudioVersion = 15.0.28307.421
MinimumVisualStudioVersion = 10.0.40219.1
Project("{888888A0-9F3D-457C-B088-3A5042F75D52}") = "FamilyMealScheduler", "FamilyMealScheduler\FamilyMealScheduler.pyproj", "{232D14B0-A04E-4D65-9328-1389CC6BF6CC}"
EndProject
Global
	GlobalSection(SolutionConfigurationPlatforms) = preSolution
		Debug|Any CPU = Debug|Any CPU
		Release|Any CPU = Release|Any CPU
	EndGlobalSection
	GlobalSection(ProjectConfigurationPlatforms) = postSolution
		{232D14B0-A04E-4D65-9328-1389CC6BF6CC}.Debug|Any CPU.ActiveCfg = Debug|Any CPU
		{232D14B0-A04E-4D65-9328-1389CC6BF6CC}.Debug|Any CPU.Build.0 = Debug|Any CPU
		{232D14B0-A04E-4D65-9328-1389CC6BF6CC}.Release|Any CPU.ActiveCfg = Release|Any CPU
		{232D14B0-A04E-4D65-9328-1389CC6BF6CC}.Release|Any CPU.Build.0 = Release|Any CPU
	EndGlobalSection
	GlobalSection(SolutionProperties) = preSolution
		HideSolutionNode = FALSE
	EndGlobalSection
	GlobalSection(ExtensibilityGlobals) = postSolution
		SolutionGuid = {73B5BA11-BEF7-43B5-BC39-3262421135FF}
	EndGlobalSection
EndGlobal
